{
  "originHash" : "2f051426553a9503c391ed4091c586f2ba02ca89592a057c3f15964f46a01ddb",
  "pins" : [
    {
      "identity" : "app-check",
      "kind" : "remoteSourceControl",
      "location" : "https://github.com/google/app-check.git",
      "state" : {
        "revision" : "61b85103a1aeed8218f17c794687781505fbbef5",
        "version" : "11.2.0"
      }
    },
    {
      "identity" : "appauth-ios",
      "kind" : "remoteSourceControl",
      "location" : "https://github.com/openid/AppAuth-iOS.git",
      "state" : {
        "revision" : "145104f5ea9d58ae21b60add007c33c1cc0c948e",
        "version" : "2.0.0"
      }
    },
    {
      "identity" : "clerk-ios",
      "kind" : "remoteSourceControl",
      "location" : "https://github.com/clerk/clerk-ios",
      "state" : {
        "revision" : "8d16727fbe58609e18759e3020488b840201c83d",
        "version" : "0.71.4"
      }
    },
    {
      "identity" : "factory",
      "kind" : "remoteSourceControl",
      "location" : "https://github.com/hmlongco/Factory",
      "state" : {
        "revision" : "ccc898f21992ebc130bc04cc197460a5ae230bcf",
        "version" : "2.5.3"
      }
    },
    {
      "identity" : "get",
      "kind" : "remoteSourceControl",
      "location" : "https://github.com/kean/Get",
      "state" : {
        "revision" : "31249885da1052872e0ac91a2943f62567c0d96d",
        "version" : "2.2.1"
      }
    },
    {
      "identity" : "googlesignin-ios",
      "kind" : "remoteSourceControl",
      "location" : "https://github.com/google/GoogleSignIn-iOS",
      "state" : {
        "revision" : "3996d908c7b3ce8a87d39c808f9a6b2a08fbe043",
        "version" : "9.0.0"
      }
    },
    {
      "identity" : "googleutilities",
      "kind" : "remoteSourceControl",
      "location" : "https://github.com/google/GoogleUtilities.git",
      "state" : {
        "revision" : "60da361632d0de02786f709bdc0c4df340f7613e",
        "version" : "8.1.0"
      }
    },
    {
      "identity" : "gtm-session-fetcher",
      "kind" : "remoteSourceControl",
      "location" : "https://github.com/google/gtm-session-fetcher.git",
      "state" : {
        "revision" : "a2ab612cb980066ee56d90d60d8462992c07f24b",
        "version" : "3.5.0"
      }
    },
    {
      "identity" : "gtmappauth",
      "kind" : "remoteSourceControl",
      "location" : "https://github.com/google/GTMAppAuth.git",
      "state" : {
        "revision" : "56e0ccf09a6dd29dc7e68bdf729598240ca8aa16",
        "version" : "5.0.0"
      }
    },
    {
      "identity" : "kingfisher",
      "kind" : "remoteSourceControl",
      "location" : "https://github.com/onevcat/Kingfisher.git",
      "state" : {
        "revision" : "d30a5fad881137e2267f96a8e3fc35c58999bb94",
        "version" : "8.6.2"
      }
    },
    {
      "identity" : "phonenumberkit",
      "kind" : "remoteSourceControl",
      "location" : "https://github.com/marmelroy/PhoneNumberKit",
      "state" : {
        "revision" : "16bb5d46b82540280c5aab8976a94d8a9cda8135",
        "version" : "4.2.2"
      }
    },
    {
      "identity" : "promises",
      "kind" : "remoteSourceControl",
      "location" : "https://github.com/google/promises.git",
      "state" : {
        "revision" : "540318ecedd63d883069ae7f1ed811a2df00b6ac",
        "version" : "2.4.0"
      }
    },
    {
      "identity" : "simplekeychain",
      "kind" : "remoteSourceControl",
      "location" : "https://github.com/auth0/SimpleKeychain",
      "state" : {
        "revision" : "776c4a6db74d5c6c143974be91c383680d468630",
        "version" : "1.3.0"
      }
    }
  ],
  "version" : 3
}
